
Microsoft Visual Studio Solution File, Format Version 12.00
# Visual Studio 15
VisualStudioVersion = 15.0.28307.757
MinimumVisualStudioVersion = 10.0.40219.1
Project("{8BC9CEB8-8B4A-11D0-8D11-00A0C91BC942}") = "TP3_CUDA", "TP3_CUDA\TP3_CUDA.vcxproj", "{CA8E133A-38CA-43CB-8EBB-584D8E5558E0}"
EndProject
Global
	GlobalSection(SolutionConfigurationPlatforms) = preSolution
		Debug|x64 = Debug|x64
		Release|x64 = Release|x64
	EndGlobalSection
	GlobalSection(ProjectConfigurationPlatforms) = postSolution
		{CA8E133A-38CA-43CB-8EBB-584D8E5558E0}.Debug|x64.ActiveCfg = Debug|x64
		{CA8E133A-38CA-43CB-8EBB-584D8E5558E0}.Debug|x64.Build.0 = Debug|x64
		{CA8E133A-38CA-43CB-8EBB-584D8E5558E0}.Release|x64.ActiveCfg = Release|x64
		{CA8E133A-38CA-43CB-8EBB-584D8E5558E0}.Release|x64.Build.0 = Release|x64
	EndGlobalSection
	GlobalSection(SolutionProperties) = preSolution
		HideSolutionNode = FALSE
	EndGlobalSection
	GlobalSection(ExtensibilityGlobals) = postSolution
		SolutionGuid = {5F261819-DEFB-486B-A971-E18E5F944CAA}
	EndGlobalSection
EndGlobal
